
Microsoft Visual Studio Solution File, Format Version 12.00
# Visual Studio Version 16
VisualStudioVersion = 16.0.32228.343
MinimumVisualStudioVersion = 10.0.40219.1
Project("{9A19103F-16F7-4668-BE54-9A1E7A4F7556}") = "SMPL", "SMPL.csproj", "{67282E90-6689-4152-8442-039D1AC865AD}"
EndProject
Project("{9A19103F-16F7-4668-BE54-9A1E7A4F7556}") = "Test", "..\SMPL-Test\Test\Test.csproj", "{203AA69C-8A83-405B-A64D-B137C572CFE3}"
EndProject
Global
	GlobalSection(SolutionConfigurationPlatforms) = preSolution
		Debug|Any CPU = Debug|Any CPU
		Release|Any CPU = Release|Any CPU
	EndGlobalSection
	GlobalSection(ProjectConfigurationPlatforms) = postSolution
		{67282E90-6689-4152-8442-039D1AC865AD}.Debug|Any CPU.ActiveCfg = Debug|Any CPU
		{67282E90-6689-4152-8442-039D1AC865AD}.Debug|Any CPU.Build.0 = Debug|Any CPU
		{67282E90-6689-4152-8442-039D1AC865AD}.Release|Any CPU.ActiveCfg = Release|Any CPU
		{67282E90-6689-4152-8442-039D1AC865AD}.Release|Any CPU.Build.0 = Release|Any CPU
		{203AA69C-8A83-405B-A64D-B137C572CFE3}.Debug|Any CPU.ActiveCfg = Debug|Any CPU
		{203AA69C-8A83-405B-A64D-B137C572CFE3}.Debug|Any CPU.Build.0 = Debug|Any CPU
		{203AA69C-8A83-405B-A64D-B137C572CFE3}.Release|Any CPU.ActiveCfg = Release|Any CPU
		{203AA69C-8A83-405B-A64D-B137C572CFE3}.Release|Any CPU.Build.0 = Release|Any CPU
	EndGlobalSection
	GlobalSection(SolutionProperties) = preSolution
		HideSolutionNode = FALSE
	EndGlobalSection
	GlobalSection(ExtensibilityGlobals) = postSolution
		SolutionGuid = {5A9CC356-95FF-4ED6-B6D4-13DD0F37D8B0}
	EndGlobalSection
EndGlobal
